
Microsoft Visual Studio Solution File, Format Version 12.00
# Visual Studio 2013
VisualStudioVersion = 12.0.30723.0
MinimumVisualStudioVersion = 10.0.40219.1
Project("{FAE04EC0-301F-11D3-BF4B-00C04F79EFBC}") = "FlightORM.Core", "FlightORM.Core\FlightORM.Core.csproj", "{C6E3981D-3CBE-4E8C-877D-BFE7EA5C6278}"
EndProject
Project("{FAE04EC0-301F-11D3-BF4B-00C04F79EFBC}") = "FlightORM.SqlServer", "FlightORM.SqlServer\FlightORM.SqlServer.csproj", "{BF126864-D765-4F06-9223-5FEBFA32F0AF}"
EndProject
Project("{FAE04EC0-301F-11D3-BF4B-00C04F79EFBC}") = "FlightORM.Common", "FlightORM.Common\FlightORM.Common.csproj", "{0A662BF1-937A-4823-B44F-4BEA15322F5C}"
EndProject
Project("{2150E333-8FDC-42A3-9474-1A3956D46DE8}") = "TestProjects", "TestProjects", "{99E1B88D-BFE8-4686-BDFD-DC9057573545}"
EndProject
Project("{FAE04EC0-301F-11D3-BF4B-00C04F79EFBC}") = "FlightORM.CommonTests", "FlightORM.CommonTests\FlightORM.CommonTests.csproj", "{456F7002-83B5-4D7E-A5D2-C09B88734735}"
EndProject
Project("{00D1A9C2-B5F0-4AF3-8072-F6C62B433612}") = "FlightORM.TestDB", "FlightORM.TestDB\FlightORM.TestDB.sqlproj", "{D5E90A5B-5C74-4015-BB49-94AA46F6CF5A}"
EndProject
Project("{FAE04EC0-301F-11D3-BF4B-00C04F79EFBC}") = "FlightORM.SqlServerTests", "FlightORM.SqlServerTests\FlightORM.SqlServerTests.csproj", "{0D49B6F8-2275-4296-818C-828C74B40EE7}"
EndProject
Project("{FAE04EC0-301F-11D3-BF4B-00C04F79EFBC}") = "FlightORM.UI", "FlightORM.UI\FlightORM.UI.csproj", "{F833CA54-5648-435D-8F1A-F338BD9CF379}"
EndProject
Project("{FAE04EC0-301F-11D3-BF4B-00C04F79EFBC}") = "FlightORM", "FlightORM\FlightORM.csproj", "{114D54C7-1C1F-451D-BAB2-445DB7A5503C}"
EndProject
Global
	GlobalSection(SolutionConfigurationPlatforms) = preSolution
		Debug|Any CPU = Debug|Any CPU
		Release|Any CPU = Release|Any CPU
	EndGlobalSection
	GlobalSection(ProjectConfigurationPlatforms) = postSolution
		{C6E3981D-3CBE-4E8C-877D-BFE7EA5C6278}.Debug|Any CPU.ActiveCfg = Debug|Any CPU
		{C6E3981D-3CBE-4E8C-877D-BFE7EA5C6278}.Debug|Any CPU.Build.0 = Debug|Any CPU
		{C6E3981D-3CBE-4E8C-877D-BFE7EA5C6278}.Release|Any CPU.ActiveCfg = Release|Any CPU
		{C6E3981D-3CBE-4E8C-877D-BFE7EA5C6278}.Release|Any CPU.Build.0 = Release|Any CPU
		{BF126864-D765-4F06-9223-5FEBFA32F0AF}.Debug|Any CPU.ActiveCfg = Debug|Any CPU
		{BF126864-D765-4F06-9223-5FEBFA32F0AF}.Debug|Any CPU.Build.0 = Debug|Any CPU
		{BF126864-D765-4F06-9223-5FEBFA32F0AF}.Release|Any CPU.ActiveCfg = Release|Any CPU
		{BF126864-D765-4F06-9223-5FEBFA32F0AF}.Release|Any CPU.Build.0 = Release|Any CPU
		{0A662BF1-937A-4823-B44F-4BEA15322F5C}.Debug|Any CPU.ActiveCfg = Debug|Any CPU
		{0A662BF1-937A-4823-B44F-4BEA15322F5C}.Debug|Any CPU.Build.0 = Debug|Any CPU
		{0A662BF1-937A-4823-B44F-4BEA15322F5C}.Release|Any CPU.ActiveCfg = Release|Any CPU
		{0A662BF1-937A-4823-B44F-4BEA15322F5C}.Release|Any CPU.Build.0 = Release|Any CPU
		{456F7002-83B5-4D7E-A5D2-C09B88734735}.Debug|Any CPU.ActiveCfg = Debug|Any CPU
		{456F7002-83B5-4D7E-A5D2-C09B88734735}.Debug|Any CPU.Build.0 = Debug|Any CPU
		{456F7002-83B5-4D7E-A5D2-C09B88734735}.Release|Any CPU.ActiveCfg = Release|Any CPU
		{456F7002-83B5-4D7E-A5D2-C09B88734735}.Release|Any CPU.Build.0 = Release|Any CPU
		{D5E90A5B-5C74-4015-BB49-94AA46F6CF5A}.Debug|Any CPU.ActiveCfg = Debug|Any CPU
		{D5E90A5B-5C74-4015-BB49-94AA46F6CF5A}.Debug|Any CPU.Build.0 = Debug|Any CPU
		{D5E90A5B-5C74-4015-BB49-94AA46F6CF5A}.Debug|Any CPU.Deploy.0 = Debug|Any CPU
		{D5E90A5B-5C74-4015-BB49-94AA46F6CF5A}.Release|Any CPU.ActiveCfg = Release|Any CPU
		{D5E90A5B-5C74-4015-BB49-94AA46F6CF5A}.Release|Any CPU.Build.0 = Release|Any CPU
		{D5E90A5B-5C74-4015-BB49-94AA46F6CF5A}.Release|Any CPU.Deploy.0 = Release|Any CPU
		{0D49B6F8-2275-4296-818C-828C74B40EE7}.Debug|Any CPU.ActiveCfg = Debug|Any CPU
		{0D49B6F8-2275-4296-818C-828C74B40EE7}.Debug|Any CPU.Build.0 = Debug|Any CPU
		{0D49B6F8-2275-4296-818C-828C74B40EE7}.Release|Any CPU.ActiveCfg = Release|Any CPU
		{0D49B6F8-2275-4296-818C-828C74B40EE7}.Release|Any CPU.Build.0 = Release|Any CPU
		{F833CA54-5648-435D-8F1A-F338BD9CF379}.Debug|Any CPU.ActiveCfg = Debug|Any CPU
		{F833CA54-5648-435D-8F1A-F338BD9CF379}.Debug|Any CPU.Build.0 = Debug|Any CPU
		{F833CA54-5648-435D-8F1A-F338BD9CF379}.Release|Any CPU.ActiveCfg = Release|Any CPU
		{F833CA54-5648-435D-8F1A-F338BD9CF379}.Release|Any CPU.Build.0 = Release|Any CPU
		{114D54C7-1C1F-451D-BAB2-445DB7A5503C}.Debug|Any CPU.ActiveCfg = Debug|Any CPU
		{114D54C7-1C1F-451D-BAB2-445DB7A5503C}.Debug|Any CPU.Build.0 = Debug|Any CPU
		{114D54C7-1C1F-451D-BAB2-445DB7A5503C}.Release|Any CPU.ActiveCfg = Release|Any CPU
		{114D54C7-1C1F-451D-BAB2-445DB7A5503C}.Release|Any CPU.Build.0 = Release|Any CPU
	EndGlobalSection
	GlobalSection(SolutionProperties) = preSolution
		HideSolutionNode = FALSE
	EndGlobalSection
	GlobalSection(NestedProjects) = preSolution
		{456F7002-83B5-4D7E-A5D2-C09B88734735} = {99E1B88D-BFE8-4686-BDFD-DC9057573545}
		{D5E90A5B-5C74-4015-BB49-94AA46F6CF5A} = {99E1B88D-BFE8-4686-BDFD-DC9057573545}
		{0D49B6F8-2275-4296-818C-828C74B40EE7} = {99E1B88D-BFE8-4686-BDFD-DC9057573545}
	EndGlobalSection
EndGlobal
